// !$*UTF8*$!
{
	archiveVersion = 1;
	classes = {
	};
	objectVersion = 77;
	objects = {

/* Begin PBXBuildFile section */
		8112B5AB2E2404260089336F /* FreenectTOP.cpp in Sources */ = {isa = PBXBuildFile; fileRef = 818A9C1E2DC36A23000B85E5 /* FreenectTOP.cpp */; };
		81483D502E7071C8006EE51D /* CoreFoundation.framework in Frameworks */ = {isa = PBXBuildFile; fileRef = 81483D4F2E7071C8006EE51D /* CoreFoundation.framework */; };
		81483D522E7071CD006EE51D /* CoreVideo.framework in Frameworks */ = {isa = PBXBuildFile; fileRef = 81483D512E7071CD006EE51D /* CoreVideo.framework */; };
		81483D542E7071D7006EE51D /* CoreMedia.framework in Frameworks */ = {isa = PBXBuildFile; fileRef = 81483D532E7071D7006EE51D /* CoreMedia.framework */; };
		81483D562E7071E6006EE51D /* IOKit.framework in Frameworks */ = {isa = PBXBuildFile; fileRef = 81483D552E7071E6006EE51D /* IOKit.framework */; };
		81483D582E7071F2006EE51D /* Security.framework in Frameworks */ = {isa = PBXBuildFile; fileRef = 81483D572E7071F2006EE51D /* Security.framework */; };
		81483D5A2E7071F9006EE51D /* VideoToolbox.framework in Frameworks */ = {isa = PBXBuildFile; fileRef = 81483D592E7071F9006EE51D /* VideoToolbox.framework */; };
		81483D5C2E707222006EE51D /* OpenCL.framework in Frameworks */ = {isa = PBXBuildFile; fileRef = 81483D5B2E707222006EE51D /* OpenCL.framework */; };
		81FD1DE82E3630A700900396 /* FreenectV1.cpp in Sources */ = {isa = PBXBuildFile; fileRef = 81FD1DE52E3630A700900396 /* FreenectV1.cpp */; };
		81FD1DE92E3630A700900396 /* FreenectV2.cpp in Sources */ = {isa = PBXBuildFile; fileRef = 81FD1DE72E3630A700900396 /* FreenectV2.cpp */; };
/* End PBXBuildFile section */

/* Begin PBXCopyFilesBuildPhase section */
		8112B5A22E23E1140089336F /* Embed Libraries */ = {
			isa = PBXCopyFilesBuildPhase;
			buildActionMask = 2147483647;
			dstPath = "";
			dstSubfolderSpec = 10;
			files = (
			);
			name = "Embed Libraries";
			runOnlyForDeploymentPostprocessing = 0;
		};
/* End PBXCopyFilesBuildPhase section */

/* Begin PBXFileReference section */
		811030EB2E36883D001975DE /* FreenectTOP.plugin */ = {isa = PBXFileReference; explicitFileType = wrapper.cfbundle; includeInIndex = 0; path = FreenectTOP.plugin; sourceTree = BUILT_PRODUCTS_DIR; };
		8120BA1B2E61E88100126067 /* logger.h */ = {isa = PBXFileReference; lastKnownFileType = sourcecode.c.h; path = logger.h; sourceTree = "<group>"; };
		81483D4F2E7071C8006EE51D /* CoreFoundation.framework */ = {isa = PBXFileReference; lastKnownFileType = wrapper.framework; name = CoreFoundation.framework; path = System/Library/Frameworks/CoreFoundation.framework; sourceTree = SDKROOT; };
		81483D512E7071CD006EE51D /* CoreVideo.framework */ = {isa = PBXFileReference; lastKnownFileType = wrapper.framework; name = CoreVideo.framework; path = System/Library/Frameworks/CoreVideo.framework; sourceTree = SDKROOT; };
		81483D532E7071D7006EE51D /* CoreMedia.framework */ = {isa = PBXFileReference; lastKnownFileType = wrapper.framework; name = CoreMedia.framework; path = System/Library/Frameworks/CoreMedia.framework; sourceTree = SDKROOT; };
		81483D552E7071E6006EE51D /* IOKit.framework */ = {isa = PBXFileReference; lastKnownFileType = wrapper.framework; name = IOKit.framework; path = System/Library/Frameworks/IOKit.framework; sourceTree = SDKROOT; };
		81483D572E7071F2006EE51D /* Security.framework */ = {isa = PBXFileReference; lastKnownFileType = wrapper.framework; name = Security.framework; path = System/Library/Frameworks/Security.framework; sourceTree = SDKROOT; };
		81483D592E7071F9006EE51D /* VideoToolbox.framework */ = {isa = PBXFileReference; lastKnownFileType = wrapper.framework; name = VideoToolbox.framework; path = System/Library/Frameworks/VideoToolbox.framework; sourceTree = SDKROOT; };
		81483D5B2E707222006EE51D /* OpenCL.framework */ = {isa = PBXFileReference; lastKnownFileType = wrapper.framework; name = OpenCL.framework; path = System/Library/Frameworks/OpenCL.framework; sourceTree = SDKROOT; };
		81483D622E70D5F7006EE51D /* post_build.sh */ = {isa = PBXFileReference; lastKnownFileType = text.script.sh; path = post_build.sh; sourceTree = "<group>"; };
		81483D632E70D962006EE51D /* postinstall */ = {isa = PBXFileReference; lastKnownFileType = text.script.sh; path = postinstall; sourceTree = "<group>"; };
		818A9C1E2DC36A23000B85E5 /* FreenectTOP.cpp */ = {isa = PBXFileReference; lastKnownFileType = sourcecode.cpp.cpp; path = FreenectTOP.cpp; sourceTree = "<group>"; };
		818A9C202DC36A4C000B85E5 /* FreenectTOP.h */ = {isa = PBXFileReference; lastKnownFileType = sourcecode.c.h; path = FreenectTOP.h; sourceTree = "<group>"; };
		81FD1DE52E3630A700900396 /* FreenectV1.cpp */ = {isa = PBXFileReference; lastKnownFileType = sourcecode.cpp.cpp; path = FreenectV1.cpp; sourceTree = "<group>"; };
		81FD1DE72E3630A700900396 /* FreenectV2.cpp */ = {isa = PBXFileReference; lastKnownFileType = sourcecode.cpp.cpp; path = FreenectV2.cpp; sourceTree = "<group>"; };
		81FD1DEA2E36517700900396 /* FreenectV1.h */ = {isa = PBXFileReference; lastKnownFileType = sourcecode.c.h; path = FreenectV1.h; sourceTree = "<group>"; };
		81FD1DEB2E36519700900396 /* FreenectV2.h */ = {isa = PBXFileReference; lastKnownFileType = sourcecode.c.h; path = FreenectV2.h; sourceTree = "<group>"; };
/* End PBXFileReference section */

/* Begin PBXFileSystemSynchronizedRootGroup section */
		81483C022E70206B006EE51D /* include */ = {
			isa = PBXFileSystemSynchronizedRootGroup;
			path = include;
			sourceTree = "<group>";
		};
/* End PBXFileSystemSynchronizedRootGroup section */

/* Begin PBXFrameworksBuildPhase section */
		81E3B95F2DC3687500B0413C /* Frameworks */ = {
			isa = PBXFrameworksBuildPhase;
			buildActionMask = 2147483647;
			files = (
				81483D542E7071D7006EE51D /* CoreMedia.framework in Frameworks */,
				81483D502E7071C8006EE51D /* CoreFoundation.framework in Frameworks */,
				81483D5A2E7071F9006EE51D /* VideoToolbox.framework in Frameworks */,
				81483D5C2E707222006EE51D /* OpenCL.framework in Frameworks */,
				81483D562E7071E6006EE51D /* IOKit.framework in Frameworks */,
				81483D582E7071F2006EE51D /* Security.framework in Frameworks */,
				81483D522E7071CD006EE51D /* CoreVideo.framework in Frameworks */,
			);
			runOnlyForDeploymentPostprocessing = 0;
		};
/* End PBXFrameworksBuildPhase section */

/* Begin PBXGroup section */
		8112B5972E23E1140089336F /* Frameworks */ = {
			isa = PBXGroup;
			children = (
				81483D5B2E707222006EE51D /* OpenCL.framework */,
				81483D592E7071F9006EE51D /* VideoToolbox.framework */,
				81483D572E7071F2006EE51D /* Security.framework */,
				81483D552E7071E6006EE51D /* IOKit.framework */,
				81483D532E7071D7006EE51D /* CoreMedia.framework */,
				81483D512E7071CD006EE51D /* CoreVideo.framework */,
				81483D4F2E7071C8006EE51D /* CoreFoundation.framework */,
			);
			name = Frameworks;
			sourceTree = "<group>";
		};
		81483D642E70D962006EE51D /* pkg_scripts */ = {
			isa = PBXGroup;
			children = (
				81483D632E70D962006EE51D /* postinstall */,
			);
			path = pkg_scripts;
			sourceTree = "<group>";
		};
		81E3B9592DC3687500B0413C = {
			isa = PBXGroup;
			children = (
				818A9C202DC36A4C000B85E5 /* FreenectTOP.h */,
				818A9C1E2DC36A23000B85E5 /* FreenectTOP.cpp */,
				81FD1DEA2E36517700900396 /* FreenectV1.h */,
				81FD1DE52E3630A700900396 /* FreenectV1.cpp */,
				81FD1DEB2E36519700900396 /* FreenectV2.h */,
				81FD1DE72E3630A700900396 /* FreenectV2.cpp */,
				8120BA1B2E61E88100126067 /* logger.h */,
				81483C022E70206B006EE51D /* include */,
				811030EB2E36883D001975DE /* FreenectTOP.plugin */,
				8112B5972E23E1140089336F /* Frameworks */,
				81483D622E70D5F7006EE51D /* post_build.sh */,
				81483D642E70D962006EE51D /* pkg_scripts */,
			);
			sourceTree = "<group>";
		};
/* End PBXGroup section */

/* Begin PBXNativeTarget section */
		81E3B9612DC3687500B0413C /* FreenectTOP */ = {
			isa = PBXNativeTarget;
			buildConfigurationList = 81E3B9662DC3687500B0413C /* Build configuration list for PBXNativeTarget "FreenectTOP" */;
			buildPhases = (
				81E3B95E2DC3687500B0413C /* Sources */,
				81E3B95F2DC3687500B0413C /* Frameworks */,
				8112B5A22E23E1140089336F /* Embed Libraries */,
				81483D612E70D5BE006EE51D /* ShellScript */,
			);
			buildRules = (
			);
			dependencies = (
			);
			fileSystemSynchronizedGroups = (
				81483C022E70206B006EE51D /* include */,
			);
			name = FreenectTOP;
			packageProductDependencies = (
			);
			productName = FreenectTOP;
			productReference = 811030EB2E36883D001975DE /* FreenectTOP.plugin */;
			productType = "com.apple.product-type.bundle";
		};
/* End PBXNativeTarget section */

/* Begin PBXProject section */
		81E3B95A2DC3687500B0413C /* Project object */ = {
			isa = PBXProject;
			attributes = {
				BuildIndependentTargetsInParallel = 1;
				LastUpgradeCheck = 1640;
				TargetAttributes = {
					81E3B9612DC3687500B0413C = {
						CreatedOnToolsVersion = 16.3;
					};
				};
			};
			buildConfigurationList = 81E3B95D2DC3687500B0413C /* Build configuration list for PBXProject "FreenectTD" */;
			developmentRegion = en;
			hasScannedForEncodings = 0;
			knownRegions = (
				en,
				Base,
			);
			mainGroup = 81E3B9592DC3687500B0413C;
			minimizedProjectReferenceProxies = 1;
			preferredProjectObjectVersion = 77;
			productRefGroup = 81E3B9592DC3687500B0413C;
			projectDirPath = "";
			projectRoot = "";
			targets = (
				81E3B9612DC3687500B0413C /* FreenectTOP */,
			);
		};
/* End PBXProject section */

/* Begin PBXShellScriptBuildPhase section */
		81483D612E70D5BE006EE51D /* ShellScript */ = {
			isa = PBXShellScriptBuildPhase;
			alwaysOutOfDate = 1;
			buildActionMask = 2147483647;
			files = (
			);
			inputFileListPaths = (
			);
			inputPaths = (
			);
			outputFileListPaths = (
			);
			outputPaths = (
			);
			runOnlyForDeploymentPostprocessing = 0;
			shellPath = /bin/sh;
			shellScript = "/bin/bash \"$PROJECT_DIR/post_build.sh\"\n";
		};
/* End PBXShellScriptBuildPhase section */

/* Begin PBXSourcesBuildPhase section */
		81E3B95E2DC3687500B0413C /* Sources */ = {
			isa = PBXSourcesBuildPhase;
			buildActionMask = 2147483647;
			files = (
				8112B5AB2E2404260089336F /* FreenectTOP.cpp in Sources */,
				81FD1DE82E3630A700900396 /* FreenectV1.cpp in Sources */,
				81FD1DE92E3630A700900396 /* FreenectV2.cpp in Sources */,
			);
			runOnlyForDeploymentPostprocessing = 0;
		};
/* End PBXSourcesBuildPhase section */

/* Begin XCBuildConfiguration section */
		81E3B9642DC3687500B0413C /* Debug */ = {
			isa = XCBuildConfiguration;
			buildSettings = {
				ALWAYS_SEARCH_USER_PATHS = NO;
				ASSETCATALOG_COMPILER_GENERATE_SWIFT_ASSET_SYMBOL_EXTENSIONS = YES;
				CLANG_ANALYZER_NONNULL = YES;
				CLANG_ANALYZER_NUMBER_OBJECT_CONVERSION = YES_AGGRESSIVE;
				CLANG_CXX_LANGUAGE_STANDARD = "gnu++20";
				CLANG_ENABLE_MODULES = YES;
				CLANG_ENABLE_OBJC_ARC = YES;
				CLANG_ENABLE_OBJC_WEAK = YES;
				CLANG_WARN_BLOCK_CAPTURE_AUTORELEASING = YES;
				CLANG_WARN_BOOL_CONVERSION = YES;
				CLANG_WARN_COMMA = YES;
				CLANG_WARN_CONSTANT_CONVERSION = YES;
				CLANG_WARN_DEPRECATED_OBJC_IMPLEMENTATIONS = YES;
				CLANG_WARN_DIRECT_OBJC_ISA_USAGE = YES_ERROR;
				CLANG_WARN_DOCUMENTATION_COMMENTS = YES;
				CLANG_WARN_EMPTY_BODY = YES;
				CLANG_WARN_ENUM_CONVERSION = YES;
				CLANG_WARN_INFINITE_RECURSION = YES;
				CLANG_WARN_INT_CONVERSION = YES;
				CLANG_WARN_NON_LITERAL_NULL_CONVERSION = YES;
				CLANG_WARN_OBJC_IMPLICIT_RETAIN_SELF = YES;
				CLANG_WARN_OBJC_LITERAL_CONVERSION = YES;
				CLANG_WARN_OBJC_ROOT_CLASS = YES_ERROR;
				CLANG_WARN_QUOTED_INCLUDE_IN_FRAMEWORK_HEADER = YES;
				CLANG_WARN_RANGE_LOOP_ANALYSIS = YES;
				CLANG_WARN_STRICT_PROTOTYPES = YES;
				CLANG_WARN_SUSPICIOUS_MOVE = YES;
				CLANG_WARN_UNGUARDED_AVAILABILITY = YES_AGGRESSIVE;
				CLANG_WARN_UNREACHABLE_CODE = YES;
				CLANG_WARN__DUPLICATE_METHOD_MATCH = YES;
				COPY_PHASE_STRIP = NO;
				DEAD_CODE_STRIPPING = YES;
				DEBUG_INFORMATION_FORMAT = dwarf;
				ENABLE_STRICT_OBJC_MSGSEND = YES;
				ENABLE_TESTABILITY = YES;
				ENABLE_USER_SCRIPT_SANDBOXING = YES;
				GCC_C_LANGUAGE_STANDARD = gnu17;
				GCC_DYNAMIC_NO_PIC = NO;
				GCC_NO_COMMON_BLOCKS = YES;
				GCC_OPTIMIZATION_LEVEL = 0;
				GCC_PREPROCESSOR_DEFINITIONS = (
					"DEBUG=1",
					"$(inherited)",
				);
				GCC_WARN_64_TO_32_BIT_CONVERSION = YES;
				GCC_WARN_ABOUT_RETURN_TYPE = YES_ERROR;
				GCC_WARN_UNDECLARED_SELECTOR = YES;
				GCC_WARN_UNINITIALIZED_AUTOS = YES_AGGRESSIVE;
				GCC_WARN_UNUSED_FUNCTION = YES;
				GCC_WARN_UNUSED_VARIABLE = YES;
				HEADER_SEARCH_PATHS = "/opt/homebrew/include/libfreenect/**";
				INSTALL_PATH = "@loader_path";
				LD_RUNPATH_SEARCH_PATHS = "@loader_path/../Frameworks";
				LIBRARY_SEARCH_PATHS = /usr/local/lib;
				LOCALIZATION_PREFERS_STRING_CATALOGS = YES;
				MACH_O_TYPE = mh_bundle;
				MACOSX_DEPLOYMENT_TARGET = 15.3;
				MTL_ENABLE_DEBUG_INFO = INCLUDE_SOURCE;
				MTL_FAST_MATH = YES;
				ONLY_ACTIVE_ARCH = YES;
				PRODUCT_NAME = FreenectTOP;
				SDKROOT = macosx;
			};
			name = Debug;
		};
		81E3B9652DC3687500B0413C /* Release */ = {
			isa = XCBuildConfiguration;
			buildSettings = {
				ALWAYS_SEARCH_USER_PATHS = NO;
				ASSETCATALOG_COMPILER_GENERATE_SWIFT_ASSET_SYMBOL_EXTENSIONS = YES;
				CLANG_ANALYZER_NONNULL = YES;
				CLANG_ANALYZER_NUMBER_OBJECT_CONVERSION = YES_AGGRESSIVE;
				CLANG_CXX_LANGUAGE_STANDARD = "gnu++20";
				CLANG_ENABLE_MODULES = YES;
				CLANG_ENABLE_OBJC_ARC = YES;
				CLANG_ENABLE_OBJC_WEAK = YES;
				CLANG_WARN_BLOCK_CAPTURE_AUTORELEASING = YES;
				CLANG_WARN_BOOL_CONVERSION = YES;
				CLANG_WARN_COMMA = YES;
				CLANG_WARN_CONSTANT_CONVERSION = YES;
				CLANG_WARN_DEPRECATED_OBJC_IMPLEMENTATIONS = YES;
				CLANG_WARN_DIRECT_OBJC_ISA_USAGE = YES_ERROR;
				CLANG_WARN_DOCUMENTATION_COMMENTS = YES;
				CLANG_WARN_EMPTY_BODY = YES;
				CLANG_WARN_ENUM_CONVERSION = YES;
				CLANG_WARN_INFINITE_RECURSION = YES;
				CLANG_WARN_INT_CONVERSION = YES;
				CLANG_WARN_NON_LITERAL_NULL_CONVERSION = YES;
				CLANG_WARN_OBJC_IMPLICIT_RETAIN_SELF = YES;
				CLANG_WARN_OBJC_LITERAL_CONVERSION = YES;
				CLANG_WARN_OBJC_ROOT_CLASS = YES_ERROR;
				CLANG_WARN_QUOTED_INCLUDE_IN_FRAMEWORK_HEADER = YES;
				CLANG_WARN_RANGE_LOOP_ANALYSIS = YES;
				CLANG_WARN_STRICT_PROTOTYPES = YES;
				CLANG_WARN_SUSPICIOUS_MOVE = YES;
				CLANG_WARN_UNGUARDED_AVAILABILITY = YES_AGGRESSIVE;
				CLANG_WARN_UNREACHABLE_CODE = YES;
				CLANG_WARN__DUPLICATE_METHOD_MATCH = YES;
				COPY_PHASE_STRIP = NO;
				DEAD_CODE_STRIPPING = YES;
				DEBUG_INFORMATION_FORMAT = "dwarf-with-dsym";
				ENABLE_NS_ASSERTIONS = NO;
				ENABLE_STRICT_OBJC_MSGSEND = YES;
				ENABLE_USER_SCRIPT_SANDBOXING = YES;
				GCC_C_LANGUAGE_STANDARD = gnu17;
				GCC_NO_COMMON_BLOCKS = YES;
				GCC_WARN_64_TO_32_BIT_CONVERSION = YES;
				GCC_WARN_ABOUT_RETURN_TYPE = YES_ERROR;
				GCC_WARN_UNDECLARED_SELECTOR = YES;
				GCC_WARN_UNINITIALIZED_AUTOS = YES_AGGRESSIVE;
				GCC_WARN_UNUSED_FUNCTION = YES;
				GCC_WARN_UNUSED_VARIABLE = YES;
				HEADER_SEARCH_PATHS = "/opt/homebrew/include/libfreenect/**";
				INSTALL_PATH = "@loader_path";
				LD_RUNPATH_SEARCH_PATHS = "@loader_path/../Frameworks";
				LIBRARY_SEARCH_PATHS = /usr/local/lib;
				LOCALIZATION_PREFERS_STRING_CATALOGS = YES;
				MACH_O_TYPE = mh_bundle;
				MACOSX_DEPLOYMENT_TARGET = 15.3;
				MTL_ENABLE_DEBUG_INFO = NO;
				MTL_FAST_MATH = YES;
				PRODUCT_NAME = FreenectTOP;
				SDKROOT = macosx;
			};
			name = Release;
		};
		81E3B9672DC3687500B0413C /* Debug */ = {
			isa = XCBuildConfiguration;
			buildSettings = {
				ARCHS = arm64;
				CODE_SIGN_STYLE = Automatic;
				COMBINE_HIDPI_IMAGES = YES;
				CURRENT_PROJECT_VERSION = 1;
				DEAD_CODE_STRIPPING = YES;
				ENABLE_USER_SCRIPT_SANDBOXING = NO;
				GCC_PREPROCESSOR_DEFINITIONS = (
					"FREENECTTOP_VERSION=\"\\\"$(MARKETING_VERSION)\\\"\"",
					"FNTD_DEBUG=1",
					"FNTD_PROFILE=0",
					"$(inherited)",
				);
				GENERATE_INFOPLIST_FILE = YES;
				HEADER_SEARCH_PATHS = (
					"$(PROJECT_DIR)/include/headers",
					/usr/local/include,
				);
				INFOPLIST_KEY_CFBundleDisplayName = FreenectTOP;
				INFOPLIST_KEY_NSHumanReadableCopyright = "";
				INFOPLIST_KEY_NSPrincipalClass = "";
				INSTALL_PATH = "$(LOCAL_LIBRARY_DIR)/Bundles";
				LD_RUNPATH_SEARCH_PATHS = "";
				LIBRARY_SEARCH_PATHS = (
					"$(inherited)",
					"$(PROJECT_DIR)/include/libs",
				);
				MACOSX_DEPLOYMENT_TARGET = 12.4;
				MARKETING_VERSION = "1.0.0-beta";
				ONLY_ACTIVE_ARCH = NO;
				OTHER_CPLUSPLUSFLAGS = "$(OTHER_CFLAGS)";
				PRODUCT_BUNDLE_IDENTIFIER = ee.marte.FreenectTD.TOP;
				PRODUCT_NAME = "$(TARGET_NAME)";
				SKIP_INSTALL = YES;
				SWIFT_EMIT_LOC_STRINGS = YES;
				WRAPPER_EXTENSION = plugin;
			};
			name = Debug;
		};
		81E3B9682DC3687500B0413C /* Release */ = {
			isa = XCBuildConfiguration;
			buildSettings = {
				ARCHS = arm64;
				CODE_SIGN_STYLE = Automatic;
				COMBINE_HIDPI_IMAGES = YES;
				CURRENT_PROJECT_VERSION = 1;
				DEAD_CODE_STRIPPING = YES;
				ENABLE_USER_SCRIPT_SANDBOXING = NO;
				GCC_PREPROCESSOR_DEFINITIONS = "FREENECTTOP_VERSION=\"\\\"$(MARKETING_VERSION)\\\"\"";
				GENERATE_INFOPLIST_FILE = YES;
				HEADER_SEARCH_PATHS = (
					"$(PROJECT_DIR)/include/headers",
					/usr/local/include,
				);
				INFOPLIST_KEY_CFBundleDisplayName = FreenectTOP;
				INFOPLIST_KEY_NSHumanReadableCopyright = "";
				INFOPLIST_KEY_NSPrincipalClass = "";
				INSTALL_PATH = "$(LOCAL_LIBRARY_DIR)/Bundles";
				LD_RUNPATH_SEARCH_PATHS = "";
				LIBRARY_SEARCH_PATHS = (
					"$(inherited)",
					"$(PROJECT_DIR)/include/libs",
				);
				MACOSX_DEPLOYMENT_TARGET = 12.4;
				MARKETING_VERSION = "1.0.0-beta";
				ONLY_ACTIVE_ARCH = NO;
				OTHER_CPLUSPLUSFLAGS = "$(OTHER_CFLAGS)";
				PRODUCT_BUNDLE_IDENTIFIER = ee.marte.FreenectTD.TOP;
				PRODUCT_NAME = "$(TARGET_NAME)";
				SKIP_INSTALL = YES;
				SWIFT_EMIT_LOC_STRINGS = YES;
				WRAPPER_EXTENSION = plugin;
			};
			name = Release;
		};
/* End XCBuildConfiguration section */

/* Begin XCConfigurationList section */
		81E3B95D2DC3687500B0413C /* Build configuration list for PBXProject "FreenectTD" */ = {
			isa = XCConfigurationList;
			buildConfigurations = (
				81E3B9642DC3687500B0413C /* Debug */,
				81E3B9652DC3687500B0413C /* Release */,
			);
			defaultConfigurationIsVisible = 0;
			defaultConfigurationName = Release;
		};
		81E3B9662DC3687500B0413C /* Build configuration list for PBXNativeTarget "FreenectTOP" */ = {
			isa = XCConfigurationList;
			buildConfigurations = (
				81E3B9672DC3687500B0413C /* Debug */,
				81E3B9682DC3687500B0413C /* Release */,
			);
			defaultConfigurationIsVisible = 0;
			defaultConfigurationName = Release;
		};
/* End XCConfigurationList section */
	};
	rootObject = 81E3B95A2DC3687500B0413C /* Project object */;
}
