// !$*UTF8*$!
{
	archiveVersion = 1;
	classes = {
	};
	objectVersion = 77;
	objects = {

/* Begin PBXBuildFile section */
		81801BDE2DCBB19000A0FCBD /* libfreenect.0.dylib in CopyFiles */ = {isa = PBXBuildFile; fileRef = 81801BDC2DCBB18A00A0FCBD /* libfreenect.0.dylib */; settings = {ATTRIBUTES = (CodeSignOnCopy, ); }; };
		81801BDF2DCBB19000A0FCBD /* libusb.0.dylib in CopyFiles */ = {isa = PBXBuildFile; fileRef = 81801BDD2DCBB18A00A0FCBD /* libusb.0.dylib */; settings = {ATTRIBUTES = (CodeSignOnCopy, ); }; };
		81801BE02DCBB19600A0FCBD /* libfreenect.0.dylib in Frameworks */ = {isa = PBXBuildFile; fileRef = 81801BDC2DCBB18A00A0FCBD /* libfreenect.0.dylib */; };
		81801BE12DCBB19600A0FCBD /* libusb.0.dylib in Frameworks */ = {isa = PBXBuildFile; fileRef = 81801BDD2DCBB18A00A0FCBD /* libusb.0.dylib */; };
		818A9C1F2DC36A23000B85E5 /* FreenectTOP.cpp in Sources */ = {isa = PBXBuildFile; fileRef = 818A9C1E2DC36A23000B85E5 /* FreenectTOP.cpp */; };
/* End PBXBuildFile section */

/* Begin PBXCopyFilesBuildPhase section */
		811152662DCB979100727B55 /* CopyFiles */ = {
			isa = PBXCopyFilesBuildPhase;
			buildActionMask = 2147483647;
			dstPath = "";
			dstSubfolderSpec = 10;
			files = (
				81801BDE2DCBB19000A0FCBD /* libfreenect.0.dylib in CopyFiles */,
				81801BDF2DCBB19000A0FCBD /* libusb.0.dylib in CopyFiles */,
			);
			runOnlyForDeploymentPostprocessing = 0;
		};
/* End PBXCopyFilesBuildPhase section */

/* Begin PBXFileReference section */
		817837C82DCBB35800F77818 /* libusb.h */ = {isa = PBXFileReference; lastKnownFileType = sourcecode.c.h; name = libusb.h; path = "/opt/homebrew/Cellar/libusb/1.0.28/include/libusb-1.0/libusb.h"; sourceTree = "<absolute>"; };
		817837C92DCBB37200F77818 /* libfreenect.h */ = {isa = PBXFileReference; lastKnownFileType = sourcecode.c.h; name = libfreenect.h; path = /opt/homebrew/Cellar/libfreenect/0.7.5/include/libfreenect/libfreenect.h; sourceTree = "<absolute>"; };
		81801BDC2DCBB18A00A0FCBD /* libfreenect.0.dylib */ = {isa = PBXFileReference; lastKnownFileType = "compiled.mach-o.dylib"; name = libfreenect.0.dylib; path = VendorLibs/libfreenect.0.dylib; sourceTree = "<group>"; };
		81801BDD2DCBB18A00A0FCBD /* libusb.0.dylib */ = {isa = PBXFileReference; lastKnownFileType = "compiled.mach-o.dylib"; name = libusb.0.dylib; path = VendorLibs/libusb.0.dylib; sourceTree = "<group>"; };
		818A9C1E2DC36A23000B85E5 /* FreenectTOP.cpp */ = {isa = PBXFileReference; lastKnownFileType = sourcecode.cpp.cpp; path = FreenectTOP.cpp; sourceTree = "<group>"; };
		818A9C202DC36A4C000B85E5 /* FreenectTOP.h */ = {isa = PBXFileReference; lastKnownFileType = sourcecode.c.h; path = FreenectTOP.h; sourceTree = "<group>"; };
		81E3B9622DC3687500B0413C /* FreenectTD.plugin */ = {isa = PBXFileReference; explicitFileType = wrapper.cfbundle; includeInIndex = 0; path = FreenectTD.plugin; sourceTree = BUILT_PRODUCTS_DIR; };
/* End PBXFileReference section */

/* Begin PBXFrameworksBuildPhase section */
		81E3B95F2DC3687500B0413C /* Frameworks */ = {
			isa = PBXFrameworksBuildPhase;
			buildActionMask = 2147483647;
			files = (
				81801BE02DCBB19600A0FCBD /* libfreenect.0.dylib in Frameworks */,
				81801BE12DCBB19600A0FCBD /* libusb.0.dylib in Frameworks */,
			);
			runOnlyForDeploymentPostprocessing = 0;
		};
/* End PBXFrameworksBuildPhase section */

/* Begin PBXGroup section */
		818A9C212DC36EDE000B85E5 /* Frameworks */ = {
			isa = PBXGroup;
			children = (
				81801BDC2DCBB18A00A0FCBD /* libfreenect.0.dylib */,
				81801BDD2DCBB18A00A0FCBD /* libusb.0.dylib */,
			);
			name = Frameworks;
			sourceTree = "<group>";
		};
		81E3B9592DC3687500B0413C = {
			isa = PBXGroup;
			children = (
				817837C82DCBB35800F77818 /* libusb.h */,
				817837C92DCBB37200F77818 /* libfreenect.h */,
				818A9C1E2DC36A23000B85E5 /* FreenectTOP.cpp */,
				818A9C202DC36A4C000B85E5 /* FreenectTOP.h */,
				818A9C212DC36EDE000B85E5 /* Frameworks */,
				81E3B9632DC3687500B0413C /* Products */,
			);
			sourceTree = "<group>";
		};
		81E3B9632DC3687500B0413C /* Products */ = {
			isa = PBXGroup;
			children = (
				81E3B9622DC3687500B0413C /* FreenectTD.plugin */,
			);
			name = Products;
			sourceTree = "<group>";
		};
/* End PBXGroup section */

/* Begin PBXNativeTarget section */
		81E3B9612DC3687500B0413C /* FreenectTD */ = {
			isa = PBXNativeTarget;
			buildConfigurationList = 81E3B9662DC3687500B0413C /* Build configuration list for PBXNativeTarget "FreenectTD" */;
			buildPhases = (
				81E3B95E2DC3687500B0413C /* Sources */,
				81E3B95F2DC3687500B0413C /* Frameworks */,
				81E3B9602DC3687500B0413C /* Resources */,
				811152662DCB979100727B55 /* CopyFiles */,
			);
			buildRules = (
			);
			dependencies = (
			);
			name = FreenectTD;
			packageProductDependencies = (
			);
			productName = FreenectTOP;
			productReference = 81E3B9622DC3687500B0413C /* FreenectTD.plugin */;
			productType = "com.apple.product-type.bundle";
		};
/* End PBXNativeTarget section */

/* Begin PBXProject section */
		81E3B95A2DC3687500B0413C /* Project object */ = {
			isa = PBXProject;
			attributes = {
				BuildIndependentTargetsInParallel = 1;
				LastUpgradeCheck = 1630;
				TargetAttributes = {
					81E3B9612DC3687500B0413C = {
						CreatedOnToolsVersion = 16.3;
					};
				};
			};
			buildConfigurationList = 81E3B95D2DC3687500B0413C /* Build configuration list for PBXProject "FreenectTD" */;
			developmentRegion = en;
			hasScannedForEncodings = 0;
			knownRegions = (
				en,
				Base,
			);
			mainGroup = 81E3B9592DC3687500B0413C;
			minimizedProjectReferenceProxies = 1;
			preferredProjectObjectVersion = 77;
			productRefGroup = 81E3B9632DC3687500B0413C /* Products */;
			projectDirPath = "";
			projectRoot = "";
			targets = (
				81E3B9612DC3687500B0413C /* FreenectTD */,
			);
		};
/* End PBXProject section */

/* Begin PBXResourcesBuildPhase section */
		81E3B9602DC3687500B0413C /* Resources */ = {
			isa = PBXResourcesBuildPhase;
			buildActionMask = 2147483647;
			files = (
			);
			runOnlyForDeploymentPostprocessing = 0;
		};
/* End PBXResourcesBuildPhase section */

/* Begin PBXSourcesBuildPhase section */
		81E3B95E2DC3687500B0413C /* Sources */ = {
			isa = PBXSourcesBuildPhase;
			buildActionMask = 2147483647;
			files = (
				818A9C1F2DC36A23000B85E5 /* FreenectTOP.cpp in Sources */,
			);
			runOnlyForDeploymentPostprocessing = 0;
		};
/* End PBXSourcesBuildPhase section */

/* Begin XCBuildConfiguration section */
		81E3B9642DC3687500B0413C /* Debug */ = {
			isa = XCBuildConfiguration;
			buildSettings = {
				ALWAYS_SEARCH_USER_PATHS = NO;
				ASSETCATALOG_COMPILER_GENERATE_SWIFT_ASSET_SYMBOL_EXTENSIONS = YES;
				CLANG_ANALYZER_NONNULL = YES;
				CLANG_ANALYZER_NUMBER_OBJECT_CONVERSION = YES_AGGRESSIVE;
				CLANG_CXX_LANGUAGE_STANDARD = "gnu++20";
				CLANG_ENABLE_MODULES = YES;
				CLANG_ENABLE_OBJC_ARC = YES;
				CLANG_ENABLE_OBJC_WEAK = YES;
				CLANG_WARN_BLOCK_CAPTURE_AUTORELEASING = YES;
				CLANG_WARN_BOOL_CONVERSION = YES;
				CLANG_WARN_COMMA = YES;
				CLANG_WARN_CONSTANT_CONVERSION = YES;
				CLANG_WARN_DEPRECATED_OBJC_IMPLEMENTATIONS = YES;
				CLANG_WARN_DIRECT_OBJC_ISA_USAGE = YES_ERROR;
				CLANG_WARN_DOCUMENTATION_COMMENTS = YES;
				CLANG_WARN_EMPTY_BODY = YES;
				CLANG_WARN_ENUM_CONVERSION = YES;
				CLANG_WARN_INFINITE_RECURSION = YES;
				CLANG_WARN_INT_CONVERSION = YES;
				CLANG_WARN_NON_LITERAL_NULL_CONVERSION = YES;
				CLANG_WARN_OBJC_IMPLICIT_RETAIN_SELF = YES;
				CLANG_WARN_OBJC_LITERAL_CONVERSION = YES;
				CLANG_WARN_OBJC_ROOT_CLASS = YES_ERROR;
				CLANG_WARN_QUOTED_INCLUDE_IN_FRAMEWORK_HEADER = YES;
				CLANG_WARN_RANGE_LOOP_ANALYSIS = YES;
				CLANG_WARN_STRICT_PROTOTYPES = YES;
				CLANG_WARN_SUSPICIOUS_MOVE = YES;
				CLANG_WARN_UNGUARDED_AVAILABILITY = YES_AGGRESSIVE;
				CLANG_WARN_UNREACHABLE_CODE = YES;
				CLANG_WARN__DUPLICATE_METHOD_MATCH = YES;
				COPY_PHASE_STRIP = NO;
				DEBUG_INFORMATION_FORMAT = dwarf;
				ENABLE_STRICT_OBJC_MSGSEND = YES;
				ENABLE_TESTABILITY = YES;
				ENABLE_USER_SCRIPT_SANDBOXING = YES;
				GCC_C_LANGUAGE_STANDARD = gnu17;
				GCC_DYNAMIC_NO_PIC = NO;
				GCC_NO_COMMON_BLOCKS = YES;
				GCC_OPTIMIZATION_LEVEL = 0;
				GCC_PREPROCESSOR_DEFINITIONS = (
					"DEBUG=1",
					"$(inherited)",
				);
				GCC_WARN_64_TO_32_BIT_CONVERSION = YES;
				GCC_WARN_ABOUT_RETURN_TYPE = YES_ERROR;
				GCC_WARN_UNDECLARED_SELECTOR = YES;
				GCC_WARN_UNINITIALIZED_AUTOS = YES_AGGRESSIVE;
				GCC_WARN_UNUSED_FUNCTION = YES;
				GCC_WARN_UNUSED_VARIABLE = YES;
				HEADER_SEARCH_PATHS = "/opt/homebrew/include/libfreenect/**";
				INSTALL_PATH = "@loader_path";
				LD_RUNPATH_SEARCH_PATHS = "@loader_path/../Frameworks";
				LIBRARY_SEARCH_PATHS = /usr/local/lib;
				LOCALIZATION_PREFERS_STRING_CATALOGS = YES;
				MACH_O_TYPE = mh_bundle;
				MACOSX_DEPLOYMENT_TARGET = 15.3;
				MTL_ENABLE_DEBUG_INFO = INCLUDE_SOURCE;
				MTL_FAST_MATH = YES;
				ONLY_ACTIVE_ARCH = YES;
				PRODUCT_NAME = FreenectTOP;
				SDKROOT = macosx;
			};
			name = Debug;
		};
		81E3B9652DC3687500B0413C /* Release */ = {
			isa = XCBuildConfiguration;
			buildSettings = {
				ALWAYS_SEARCH_USER_PATHS = NO;
				ASSETCATALOG_COMPILER_GENERATE_SWIFT_ASSET_SYMBOL_EXTENSIONS = YES;
				CLANG_ANALYZER_NONNULL = YES;
				CLANG_ANALYZER_NUMBER_OBJECT_CONVERSION = YES_AGGRESSIVE;
				CLANG_CXX_LANGUAGE_STANDARD = "gnu++20";
				CLANG_ENABLE_MODULES = YES;
				CLANG_ENABLE_OBJC_ARC = YES;
				CLANG_ENABLE_OBJC_WEAK = YES;
				CLANG_WARN_BLOCK_CAPTURE_AUTORELEASING = YES;
				CLANG_WARN_BOOL_CONVERSION = YES;
				CLANG_WARN_COMMA = YES;
				CLANG_WARN_CONSTANT_CONVERSION = YES;
				CLANG_WARN_DEPRECATED_OBJC_IMPLEMENTATIONS = YES;
				CLANG_WARN_DIRECT_OBJC_ISA_USAGE = YES_ERROR;
				CLANG_WARN_DOCUMENTATION_COMMENTS = YES;
				CLANG_WARN_EMPTY_BODY = YES;
				CLANG_WARN_ENUM_CONVERSION = YES;
				CLANG_WARN_INFINITE_RECURSION = YES;
				CLANG_WARN_INT_CONVERSION = YES;
				CLANG_WARN_NON_LITERAL_NULL_CONVERSION = YES;
				CLANG_WARN_OBJC_IMPLICIT_RETAIN_SELF = YES;
				CLANG_WARN_OBJC_LITERAL_CONVERSION = YES;
				CLANG_WARN_OBJC_ROOT_CLASS = YES_ERROR;
				CLANG_WARN_QUOTED_INCLUDE_IN_FRAMEWORK_HEADER = YES;
				CLANG_WARN_RANGE_LOOP_ANALYSIS = YES;
				CLANG_WARN_STRICT_PROTOTYPES = YES;
				CLANG_WARN_SUSPICIOUS_MOVE = YES;
				CLANG_WARN_UNGUARDED_AVAILABILITY = YES_AGGRESSIVE;
				CLANG_WARN_UNREACHABLE_CODE = YES;
				CLANG_WARN__DUPLICATE_METHOD_MATCH = YES;
				COPY_PHASE_STRIP = NO;
				DEBUG_INFORMATION_FORMAT = "dwarf-with-dsym";
				ENABLE_NS_ASSERTIONS = NO;
				ENABLE_STRICT_OBJC_MSGSEND = YES;
				ENABLE_USER_SCRIPT_SANDBOXING = YES;
				GCC_C_LANGUAGE_STANDARD = gnu17;
				GCC_NO_COMMON_BLOCKS = YES;
				GCC_WARN_64_TO_32_BIT_CONVERSION = YES;
				GCC_WARN_ABOUT_RETURN_TYPE = YES_ERROR;
				GCC_WARN_UNDECLARED_SELECTOR = YES;
				GCC_WARN_UNINITIALIZED_AUTOS = YES_AGGRESSIVE;
				GCC_WARN_UNUSED_FUNCTION = YES;
				GCC_WARN_UNUSED_VARIABLE = YES;
				HEADER_SEARCH_PATHS = "/opt/homebrew/include/libfreenect/**";
				INSTALL_PATH = "@loader_path";
				LD_RUNPATH_SEARCH_PATHS = "@loader_path/../Frameworks";
				LIBRARY_SEARCH_PATHS = /usr/local/lib;
				LOCALIZATION_PREFERS_STRING_CATALOGS = YES;
				MACH_O_TYPE = mh_bundle;
				MACOSX_DEPLOYMENT_TARGET = 15.3;
				MTL_ENABLE_DEBUG_INFO = NO;
				MTL_FAST_MATH = YES;
				PRODUCT_NAME = FreenectTOP;
				SDKROOT = macosx;
			};
			name = Release;
		};
		81E3B9672DC3687500B0413C /* Debug */ = {
			isa = XCBuildConfiguration;
			buildSettings = {
				CODE_SIGN_STYLE = Automatic;
				COMBINE_HIDPI_IMAGES = YES;
				CURRENT_PROJECT_VERSION = 1;
				GENERATE_INFOPLIST_FILE = YES;
				HEADER_SEARCH_PATHS = (
					"/opt/homebrew/include/libfreenect/**",
					"/opt/homebrew/opt/libusb/include/libusb-1.0/**",
				);
				INFOPLIST_KEY_CFBundleDisplayName = FreenectTD;
				INFOPLIST_KEY_NSHumanReadableCopyright = "";
				INFOPLIST_KEY_NSPrincipalClass = "";
				INSTALL_PATH = "$(LOCAL_LIBRARY_DIR)/Bundles";
				LD_RUNPATH_SEARCH_PATHS = "@loader_path/../Frameworks";
				LIBRARY_SEARCH_PATHS = (
					"$(inherited)",
					"/opt/homebrew/Cellar/libfreenect/**",
					"/opt/homebrew/Cellar/libusb/**",
					/opt/homebrew/Cellar/libusb/1.0.28/lib,
					"$(PROJECT_DIR)/VendorLibs\\ 2",
					"$(PROJECT_DIR)/VendorLibs\\ 2",
					"$(PROJECT_DIR)",
					"$(PROJECT_DIR)/VendorLibs",
				);
				MACOSX_DEPLOYMENT_TARGET = 11.5;
				MARKETING_VERSION = 0.1.1;
				PRODUCT_BUNDLE_IDENTIFIER = ee.marte.FreenectTD.TOP;
				PRODUCT_NAME = "$(TARGET_NAME)";
				SKIP_INSTALL = YES;
				SWIFT_EMIT_LOC_STRINGS = YES;
				WRAPPER_EXTENSION = plugin;
			};
			name = Debug;
		};
		81E3B9682DC3687500B0413C /* Release */ = {
			isa = XCBuildConfiguration;
			buildSettings = {
				CODE_SIGN_STYLE = Automatic;
				COMBINE_HIDPI_IMAGES = YES;
				CURRENT_PROJECT_VERSION = 1;
				GENERATE_INFOPLIST_FILE = YES;
				HEADER_SEARCH_PATHS = (
					"/opt/homebrew/include/libfreenect/**",
					"/opt/homebrew/opt/libusb/include/libusb-1.0/**",
				);
				INFOPLIST_KEY_CFBundleDisplayName = FreenectTD;
				INFOPLIST_KEY_NSHumanReadableCopyright = "";
				INFOPLIST_KEY_NSPrincipalClass = "";
				INSTALL_PATH = "$(LOCAL_LIBRARY_DIR)/Bundles";
				LD_RUNPATH_SEARCH_PATHS = "@loader_path/../Frameworks";
				LIBRARY_SEARCH_PATHS = (
					"$(inherited)",
					"/opt/homebrew/Cellar/libfreenect/**",
					"/opt/homebrew/Cellar/libusb/**",
					/opt/homebrew/Cellar/libusb/1.0.28/lib,
					"$(PROJECT_DIR)/VendorLibs\\ 2",
					"$(PROJECT_DIR)/VendorLibs\\ 2",
					"$(PROJECT_DIR)",
					"$(PROJECT_DIR)/VendorLibs",
				);
				MACOSX_DEPLOYMENT_TARGET = 11.5;
				MARKETING_VERSION = 0.1.1;
				PRODUCT_BUNDLE_IDENTIFIER = ee.marte.FreenectTD.TOP;
				PRODUCT_NAME = "$(TARGET_NAME)";
				SKIP_INSTALL = YES;
				SWIFT_EMIT_LOC_STRINGS = YES;
				WRAPPER_EXTENSION = plugin;
			};
			name = Release;
		};
/* End XCBuildConfiguration section */

/* Begin XCConfigurationList section */
		81E3B95D2DC3687500B0413C /* Build configuration list for PBXProject "FreenectTD" */ = {
			isa = XCConfigurationList;
			buildConfigurations = (
				81E3B9642DC3687500B0413C /* Debug */,
				81E3B9652DC3687500B0413C /* Release */,
			);
			defaultConfigurationIsVisible = 0;
			defaultConfigurationName = Release;
		};
		81E3B9662DC3687500B0413C /* Build configuration list for PBXNativeTarget "FreenectTD" */ = {
			isa = XCConfigurationList;
			buildConfigurations = (
				81E3B9672DC3687500B0413C /* Debug */,
				81E3B9682DC3687500B0413C /* Release */,
			);
			defaultConfigurationIsVisible = 0;
			defaultConfigurationName = Release;
		};
/* End XCConfigurationList section */
	};
	rootObject = 81E3B95A2DC3687500B0413C /* Project object */;
}
